{
  "version": 4,
  "terraform_version": "1.0.11",
  "serial": 15,
  "lineage": "acaa40cc-29f5-3268-4348-d715faceae48",
  "outputs": {
    "ipv6": {
      "value": "2600:3c03::f03c:93ff:fe50:ef30/128",
      "type": "string"
    },
    "private_ip": {
      "value": "192.168.142.219",
      "type": "string"
    },
    "public_ip": {
      "value": "66.228.36.97",
      "type": "string"
    },
    "root_pass": {
      "value": ":l-nf?!t9S__27*Ea%FvoKnh8*t5:KoN",
      "type": "string"
    },
    "server_id": {
      "value": "34175947",
      "type": "string"
    },
    "server_name": {
      "value": "lcubes-demo",
      "type": "string"
    }
  },
  "resources": [
    {
      "mode": "data",
      "type": "linode_sshkey",
      "name": "cloudninja",
      "provider": "provider[\"registry.terraform.io/linode/linode\"]",
      "instances": [
        {
          "schema_version": 0,
          "attributes": {
            "created": "2021-11-17T05:43:53Z",
            "id": "156135",
            "label": "cloudninja",
            "ssh_key": "ssh-rsa AAAAB3NzaC1yc2EAAAADAQABAAABAQDUZkTssxTl5GgX4LSxSBHh+flyTA2nHirl64HDh1rkPmd4DHI/+Yhy3UzepPrBbIMIfEZRNJybaXPpcQhS+2ehjZiSwvkuGrgkDcRi1h+96PZULp2tmGk/nk9GM2y9YEZLsuIcdXqdD8kj0LpcI2k1l7BfeeKUoW3TnPJk8jxVF45F5AlObJTYpFdQEOsgJZcL/1jPMcYqAVrGtxFRpfVrzGLSJBOXsBYulEO3p1kyJtIWRTdpWHqNMULRHYyvwjnXCBX24eGnRAgMTTQJ7HPmvD8PIW/9oNDPLMkkiPp1V6OrTxARqjwPbuxGkMF0oKTDgMf6ahW5u5uHJtjDuTh7 cloudninja@CloudNinja"
          },
          "sensitive_attributes": []
        }
      ]
    },
    {
      "mode": "data",
      "type": "linode_sshkey",
      "name": "skynet",
      "provider": "provider[\"registry.terraform.io/linode/linode\"]",
      "instances": [
        {
          "schema_version": 0,
          "attributes": {
            "created": "2021-11-17T22:13:16Z",
            "id": "156309",
            "label": "skynet",
            "ssh_key": "ssh-rsa AAAAB3NzaC1yc2EAAAADAQABAAABgQDhZFuA9MBwB8IMRu+04LVUTxwum1bwuGGWbBD1uIMG4E/vfbPkoueFbQ1dfUBTtQQp+ibSfbgHHCmGoZeIG/Wq626LoPDiQgMe36uY5uS6Mr0xXlaBuv5ve8x0dbdJhpNyZlpploHY1j3RS3D0UKXyWhArTDcZSqq9j7uyNc1wCF7VFa3Gwe+uRXI32REn/2bsz5shqL9pdl4SIxfKJEuLv+EZCxb/Dy8IcCRRuwO8LVOZDRzNNc1zPxX/6lmv4kU2BYufzDYOaXQ+V9mfd5Wa0ovNJufdh18RDPItO07jq3eQfmnugj+aXU0Bv031i8ravEF9Rzl/qRy3zbDvvP9TyN8M3981N+iaO0SFGl/47f4sZCVjIY/fdhPaV0oXGr7PZ4pFd1daBb04YYfkl8I4o11uNuoJ+s5ON0UWn2T1fKcocFAdjFLShV28vs/EK6B3Ey8PEin++SYQ1DpZmRYLOSB5dRzV2h4bArr/ScweZ18/TqCILLD296E6S0J6O/s= skynet@skynet.local"
          },
          "sensitive_attributes": []
        }
      ]
    },
    {
      "mode": "data",
      "type": "linode_stackscript",
      "name": "core-package",
      "provider": "provider[\"registry.terraform.io/linode/linode\"]",
      "instances": [
        {
          "schema_version": 0,
          "attributes": {
            "created": "2022-01-25T05:24:29Z",
            "deployments_active": 0,
            "deployments_total": 0,
            "description": "Updates OS, Installs Snap \u0026 Docker",
            "id": 965322,
            "images": [
              "linode/ubuntu20.04"
            ],
            "is_public": false,
            "label": "core_packages",
            "rev_note": "",
            "script": "#!/bin/bash\nsudo apt-get update\nsudo apt-get install ca-certificates curl gnupg lsb-release snap -y\nsudo snap install core; sudo snap refresh core\nsudo curl -fsSL https://download.docker.com/linux/ubuntu/gpg | sudo gpg --dearmor -o /usr/share/keyrings/docker-archive-keyring.gpg\nsudo echo \\\n    \"deb [arch=$(dpkg --print-architecture) signed-by=/usr/share/keyrings/docker-archive-keyring.gpg] https://download.docker.com/linux/ubuntu \\\n    $(lsb_release -cs) stable\" | sudo tee /etc/apt/sources.list.d/docker.list \u003e /dev/null\nsudo apt-get install docker-ce docker-ce-cli containerd.io -y",
            "updated": "2022-01-25T05:24:29Z",
            "user_defined_fields": [],
            "user_gravatar_id": "9e36883c0cef13d9f35d03ef372e8a4f",
            "username": "Lmunoz0806"
          },
          "sensitive_attributes": []
        }
      ]
    },
    {
      "mode": "managed",
      "type": "linode_instance",
      "name": "terraform",
      "provider": "provider[\"registry.terraform.io/linode/linode\"]",
      "instances": [
        {
          "schema_version": 0,
          "attributes": {
            "alerts": [
              {
                "cpu": 90,
                "io": 10000,
                "network_in": 10,
                "network_out": 10,
                "transfer_quota": 80
              }
            ],
            "authorized_keys": [
              "ssh-rsa AAAAB3NzaC1yc2EAAAADAQABAAABgQDhZFuA9MBwB8IMRu+04LVUTxwum1bwuGGWbBD1uIMG4E/vfbPkoueFbQ1dfUBTtQQp+ibSfbgHHCmGoZeIG/Wq626LoPDiQgMe36uY5uS6Mr0xXlaBuv5ve8x0dbdJhpNyZlpploHY1j3RS3D0UKXyWhArTDcZSqq9j7uyNc1wCF7VFa3Gwe+uRXI32REn/2bsz5shqL9pdl4SIxfKJEuLv+EZCxb/Dy8IcCRRuwO8LVOZDRzNNc1zPxX/6lmv4kU2BYufzDYOaXQ+V9mfd5Wa0ovNJufdh18RDPItO07jq3eQfmnugj+aXU0Bv031i8ravEF9Rzl/qRy3zbDvvP9TyN8M3981N+iaO0SFGl/47f4sZCVjIY/fdhPaV0oXGr7PZ4pFd1daBb04YYfkl8I4o11uNuoJ+s5ON0UWn2T1fKcocFAdjFLShV28vs/EK6B3Ey8PEin++SYQ1DpZmRYLOSB5dRzV2h4bArr/ScweZ18/TqCILLD296E6S0J6O/s= skynet@skynet.local",
              "ssh-rsa AAAAB3NzaC1yc2EAAAADAQABAAABAQDUZkTssxTl5GgX4LSxSBHh+flyTA2nHirl64HDh1rkPmd4DHI/+Yhy3UzepPrBbIMIfEZRNJybaXPpcQhS+2ehjZiSwvkuGrgkDcRi1h+96PZULp2tmGk/nk9GM2y9YEZLsuIcdXqdD8kj0LpcI2k1l7BfeeKUoW3TnPJk8jxVF45F5AlObJTYpFdQEOsgJZcL/1jPMcYqAVrGtxFRpfVrzGLSJBOXsBYulEO3p1kyJtIWRTdpWHqNMULRHYyvwjnXCBX24eGnRAgMTTQJ7HPmvD8PIW/9oNDPLMkkiPp1V6OrTxARqjwPbuxGkMF0oKTDgMf6ahW5u5uHJtjDuTh7 cloudninja@CloudNinja"
            ],
            "authorized_users": null,
            "backup_id": null,
            "backups": [
              {
                "enabled": false,
                "schedule": [
                  {
                    "day": "",
                    "window": ""
                  }
                ]
              }
            ],
            "backups_enabled": false,
            "boot_config_label": "My Ubuntu 20.04 LTS Profile",
            "config": [
              {
                "comments": "",
                "devices": [
                  {
                    "sda": [
                      {
                        "disk_id": 68789445,
                        "disk_label": "Ubuntu 20.04 LTS Disk",
                        "volume_id": 0
                      }
                    ],
                    "sdb": [
                      {
                        "disk_id": 68789446,
                        "disk_label": "512 MB Swap Image",
                        "volume_id": 0
                      }
                    ],
                    "sdc": [],
                    "sdd": [],
                    "sde": [],
                    "sdf": [],
                    "sdg": [],
                    "sdh": []
                  }
                ],
                "helpers": [
                  {
                    "devtmpfs_automount": true,
                    "distro": true,
                    "modules_dep": true,
                    "network": true,
                    "updatedb_disabled": true
                  }
                ],
                "interface": [],
                "kernel": "linode/grub2",
                "label": "My Ubuntu 20.04 LTS Profile",
                "memory_limit": 0,
                "root_device": "/dev/sda",
                "run_level": "default",
                "virt_mode": "paravirt"
              }
            ],
            "disk": [
              {
                "authorized_keys": [],
                "authorized_users": [],
                "filesystem": "ext4",
                "id": 68789445,
                "image": "",
                "label": "Ubuntu 20.04 LTS Disk",
                "read_only": false,
                "root_pass": "",
                "size": 25088,
                "stackscript_data": {},
                "stackscript_id": 0
              },
              {
                "authorized_keys": [],
                "authorized_users": [],
                "filesystem": "swap",
                "id": 68789446,
                "image": "",
                "label": "512 MB Swap Image",
                "read_only": false,
                "root_pass": "",
                "size": 512,
                "stackscript_data": {},
                "stackscript_id": 0
              }
            ],
            "group": "",
            "id": "34175947",
            "image": "linode/ubuntu20.04",
            "interface": [],
            "ip_address": "66.228.36.97",
            "ipv4": [
              "192.168.142.219",
              "66.228.36.97"
            ],
            "ipv6": "2600:3c03::f03c:93ff:fe50:ef30/128",
            "label": "lcubes-demo",
            "private_ip": true,
            "private_ip_address": "192.168.142.219",
            "region": "us-east",
            "root_pass": "ZSmdiO/yBN/+mKipLfkWeB7lBR7cRmxvuRl/+xgtQvuYBQJTJCxjqavXr4jHEyZAVshdZjuthsXqJQvZyHVQ5g==",
            "specs": [
              {
                "disk": 25600,
                "memory": 1024,
                "transfer": 1000,
                "vcpus": 1
              }
            ],
            "stackscript_data": null,
            "stackscript_id": 965322,
            "status": "running",
            "swap_size": 512,
            "tags": [
              "Demo Server",
              "US-East",
              "Web Server"
            ],
            "timeouts": null,
            "type": "g6-nanode-1",
            "watchdog_enabled": true
          },
          "sensitive_attributes": [],
          "private": "eyJlMmJmYjczMC1lY2FhLTExZTYtOGY4OC0zNDM2M2JjN2M0YzAiOnsiY3JlYXRlIjo2MDAwMDAwMDAwMDAsImRlbGV0ZSI6NjAwMDAwMDAwMDAwLCJ1cGRhdGUiOjEyMDAwMDAwMDAwMDB9fQ==",
          "dependencies": [
            "data.linode_sshkey.cloudninja",
            "data.linode_sshkey.skynet",
            "data.linode_stackscript.core-package",
            "random_string.instance_root_pass"
          ]
        }
      ]
    },
    {
      "mode": "managed",
      "type": "random_string",
      "name": "instance_root_pass",
      "provider": "provider[\"registry.terraform.io/hashicorp/random\"]",
      "instances": [
        {
          "schema_version": 1,
          "attributes": {
            "id": ":l-nf?!t9S__27*Ea%FvoKnh8*t5:KoN",
            "keepers": null,
            "length": 32,
            "lower": true,
            "min_lower": 0,
            "min_numeric": 0,
            "min_special": 0,
            "min_upper": 0,
            "number": true,
            "override_special": null,
            "result": ":l-nf?!t9S__27*Ea%FvoKnh8*t5:KoN",
            "special": true,
            "upper": true
          },
          "sensitive_attributes": [],
          "private": "eyJzY2hlbWFfdmVyc2lvbiI6IjEifQ=="
        }
      ]
    }
  ]
}
